
Microsoft Visual Studio Solution File, Format Version 12.00
# Visual Studio Version 16
VisualStudioVersion = 16.0.29926.136
MinimumVisualStudioVersion = 10.0.40219.1
Project("{FAE04EC0-301F-11D3-BF4B-00C04F79EFBC}") = "StyleCopCustomRules", "StyleCopCustomRules\StyleCopCustomRules.csproj", "{2D8A6D31-B755-4DF3-812C-9DA325D1128D}"
EndProject
Project("{FAE04EC0-301F-11D3-BF4B-00C04F79EFBC}") = "WebApplication_StyleCop", "WebApplication_StyleCop\WebApplication_StyleCop.csproj", "{65CDB44A-432B-4671-9FB6-08AB2CCA4F80}"
EndProject
Global
	GlobalSection(SolutionConfigurationPlatforms) = preSolution
		Debug|Any CPU = Debug|Any CPU
		Release|Any CPU = Release|Any CPU
	EndGlobalSection
	GlobalSection(ProjectConfigurationPlatforms) = postSolution
		{2D8A6D31-B755-4DF3-812C-9DA325D1128D}.Debug|Any CPU.ActiveCfg = Debug|Any CPU
		{2D8A6D31-B755-4DF3-812C-9DA325D1128D}.Debug|Any CPU.Build.0 = Debug|Any CPU
		{2D8A6D31-B755-4DF3-812C-9DA325D1128D}.Release|Any CPU.ActiveCfg = Release|Any CPU
		{2D8A6D31-B755-4DF3-812C-9DA325D1128D}.Release|Any CPU.Build.0 = Release|Any CPU
		{65CDB44A-432B-4671-9FB6-08AB2CCA4F80}.Debug|Any CPU.ActiveCfg = Debug|Any CPU
		{65CDB44A-432B-4671-9FB6-08AB2CCA4F80}.Debug|Any CPU.Build.0 = Debug|Any CPU
		{65CDB44A-432B-4671-9FB6-08AB2CCA4F80}.Release|Any CPU.ActiveCfg = Release|Any CPU
		{65CDB44A-432B-4671-9FB6-08AB2CCA4F80}.Release|Any CPU.Build.0 = Release|Any CPU
	EndGlobalSection
	GlobalSection(SolutionProperties) = preSolution
		HideSolutionNode = FALSE
	EndGlobalSection
	GlobalSection(ExtensibilityGlobals) = postSolution
		SolutionGuid = {2C912ECE-047B-48CD-9272-C7B1DB721ACA}
	EndGlobalSection
EndGlobal
