
Microsoft Visual Studio Solution File, Format Version 12.00
# Visual Studio Version 16
VisualStudioVersion = 16.0.29926.136
MinimumVisualStudioVersion = 10.0.40219.1
Project("{FAE04EC0-301F-11D3-BF4B-00C04F79EFBC}") = "Module_8", "Module_8\Module_8.csproj", "{418B6462-C2CE-419B-A082-4E684EFFF8AD}"
EndProject
Global
	GlobalSection(SolutionConfigurationPlatforms) = preSolution
		Debug|Any CPU = Debug|Any CPU
		Release|Any CPU = Release|Any CPU
	EndGlobalSection
	GlobalSection(ProjectConfigurationPlatforms) = postSolution
		{418B6462-C2CE-419B-A082-4E684EFFF8AD}.Debug|Any CPU.ActiveCfg = Debug|Any CPU
		{418B6462-C2CE-419B-A082-4E684EFFF8AD}.Debug|Any CPU.Build.0 = Debug|Any CPU
		{418B6462-C2CE-419B-A082-4E684EFFF8AD}.Release|Any CPU.ActiveCfg = Release|Any CPU
		{418B6462-C2CE-419B-A082-4E684EFFF8AD}.Release|Any CPU.Build.0 = Release|Any CPU
	EndGlobalSection
	GlobalSection(SolutionProperties) = preSolution
		HideSolutionNode = FALSE
	EndGlobalSection
	GlobalSection(ExtensibilityGlobals) = postSolution
		SolutionGuid = {D737AC56-6F56-42FF-A0AF-EE6C00E5E20A}
	EndGlobalSection
EndGlobal
