
Microsoft Visual Studio Solution File, Format Version 12.00
# Visual Studio Version 16
VisualStudioVersion = 16.0.29926.136
MinimumVisualStudioVersion = 10.0.40219.1
Project("{FAE04EC0-301F-11D3-BF4B-00C04F79EFBC}") = "NorthwindDAL", "NorthwindDAL\NorthwindDAL.csproj", "{CC61E3E2-F861-4C85-AC52-9298D5B9E75B}"
EndProject
Global
	GlobalSection(SolutionConfigurationPlatforms) = preSolution
		Debug|Any CPU = Debug|Any CPU
		Release|Any CPU = Release|Any CPU
	EndGlobalSection
	GlobalSection(ProjectConfigurationPlatforms) = postSolution
		{CC61E3E2-F861-4C85-AC52-9298D5B9E75B}.Debug|Any CPU.ActiveCfg = Debug|Any CPU
		{CC61E3E2-F861-4C85-AC52-9298D5B9E75B}.Debug|Any CPU.Build.0 = Debug|Any CPU
		{CC61E3E2-F861-4C85-AC52-9298D5B9E75B}.Release|Any CPU.ActiveCfg = Release|Any CPU
		{CC61E3E2-F861-4C85-AC52-9298D5B9E75B}.Release|Any CPU.Build.0 = Release|Any CPU
	EndGlobalSection
	GlobalSection(SolutionProperties) = preSolution
		HideSolutionNode = FALSE
	EndGlobalSection
	GlobalSection(ExtensibilityGlobals) = postSolution
		SolutionGuid = {275602B0-D760-4769-8783-76511942B476}
	EndGlobalSection
EndGlobal
