
Microsoft Visual Studio Solution File, Format Version 12.00
# Visual Studio Version 16
VisualStudioVersion = 16.0.29926.136
MinimumVisualStudioVersion = 10.0.40219.1
Project("{FAE04EC0-301F-11D3-BF4B-00C04F79EFBC}") = "NortwindTest", "NortwindTest\NortwindTest.csproj", "{B00351A0-68EA-4F91-83BB-DB6BA0C1D30C}"
EndProject
Project("{FAE04EC0-301F-11D3-BF4B-00C04F79EFBC}") = "NorthwindDAL", "Northwind_DAL\NorthwindDAL.csproj", "{2C672C3B-82BF-4A12-91DA-7243BFFAB5CA}"
EndProject
Global
	GlobalSection(SolutionConfigurationPlatforms) = preSolution
		Debug|Any CPU = Debug|Any CPU
		Release|Any CPU = Release|Any CPU
	EndGlobalSection
	GlobalSection(ProjectConfigurationPlatforms) = postSolution
		{B00351A0-68EA-4F91-83BB-DB6BA0C1D30C}.Debug|Any CPU.ActiveCfg = Debug|Any CPU
		{B00351A0-68EA-4F91-83BB-DB6BA0C1D30C}.Debug|Any CPU.Build.0 = Debug|Any CPU
		{B00351A0-68EA-4F91-83BB-DB6BA0C1D30C}.Release|Any CPU.ActiveCfg = Release|Any CPU
		{B00351A0-68EA-4F91-83BB-DB6BA0C1D30C}.Release|Any CPU.Build.0 = Release|Any CPU
		{2C672C3B-82BF-4A12-91DA-7243BFFAB5CA}.Debug|Any CPU.ActiveCfg = Debug|Any CPU
		{2C672C3B-82BF-4A12-91DA-7243BFFAB5CA}.Debug|Any CPU.Build.0 = Debug|Any CPU
		{2C672C3B-82BF-4A12-91DA-7243BFFAB5CA}.Release|Any CPU.ActiveCfg = Release|Any CPU
		{2C672C3B-82BF-4A12-91DA-7243BFFAB5CA}.Release|Any CPU.Build.0 = Release|Any CPU
	EndGlobalSection
	GlobalSection(SolutionProperties) = preSolution
		HideSolutionNode = FALSE
	EndGlobalSection
	GlobalSection(ExtensibilityGlobals) = postSolution
		SolutionGuid = {275602B0-D760-4769-8783-76511942B476}
	EndGlobalSection
EndGlobal
