
Microsoft Visual Studio Solution File, Format Version 12.00
# Visual Studio Version 16
VisualStudioVersion = 16.0.29926.136
MinimumVisualStudioVersion = 10.0.40219.1
Project("{FAE04EC0-301F-11D3-BF4B-00C04F79EFBC}") = "Task1_StyleCop", "Task1_StyleCop\Task1_StyleCop.csproj", "{21072CA6-45A9-4400-B6F6-2A6CA38AE52D}"
EndProject
Project("{FAE04EC0-301F-11D3-BF4B-00C04F79EFBC}") = "StyleCop.CustomRules", "StyleCop.CustomRules\StyleCop.CustomRules.csproj", "{FB7A2EC8-58A7-4189-946E-CDF29BD1A7D0}"
EndProject
Global
	GlobalSection(SolutionConfigurationPlatforms) = preSolution
		Debug|Any CPU = Debug|Any CPU
		Release|Any CPU = Release|Any CPU
	EndGlobalSection
	GlobalSection(ProjectConfigurationPlatforms) = postSolution
		{21072CA6-45A9-4400-B6F6-2A6CA38AE52D}.Debug|Any CPU.ActiveCfg = Debug|Any CPU
		{21072CA6-45A9-4400-B6F6-2A6CA38AE52D}.Debug|Any CPU.Build.0 = Debug|Any CPU
		{21072CA6-45A9-4400-B6F6-2A6CA38AE52D}.Release|Any CPU.ActiveCfg = Release|Any CPU
		{21072CA6-45A9-4400-B6F6-2A6CA38AE52D}.Release|Any CPU.Build.0 = Release|Any CPU
		{FB7A2EC8-58A7-4189-946E-CDF29BD1A7D0}.Debug|Any CPU.ActiveCfg = Debug|Any CPU
		{FB7A2EC8-58A7-4189-946E-CDF29BD1A7D0}.Debug|Any CPU.Build.0 = Debug|Any CPU
		{FB7A2EC8-58A7-4189-946E-CDF29BD1A7D0}.Release|Any CPU.ActiveCfg = Release|Any CPU
		{FB7A2EC8-58A7-4189-946E-CDF29BD1A7D0}.Release|Any CPU.Build.0 = Release|Any CPU
	EndGlobalSection
	GlobalSection(SolutionProperties) = preSolution
		HideSolutionNode = FALSE
	EndGlobalSection
	GlobalSection(ExtensibilityGlobals) = postSolution
		SolutionGuid = {B4BA92D2-7AA2-493D-B87D-2E15B2D89B7E}
	EndGlobalSection
EndGlobal
